// !$*UTF8*$!
{
	archiveVersion = 1;
	classes = {
	};
	objectVersion = 50;
	objects = {

/* Begin PBXBuildFile section */
		485A66AB26FEBA97000A3D48 /* ScrummaseterApp.swift in Sources */ = {isa = PBXBuildFile; fileRef = 485A66AA26FEBA97000A3D48 /* ScrummaseterApp.swift */; };
		485A66AD26FEBA97000A3D48 /* MeetingView.swift in Sources */ = {isa = PBXBuildFile; fileRef = 485A66AC26FEBA97000A3D48 /* MeetingView.swift */; };
		485A66AF26FEBA9E000A3D48 /* Assets.xcassets in Resources */ = {isa = PBXBuildFile; fileRef = 485A66AE26FEBA9E000A3D48 /* Assets.xcassets */; };
		485A66B226FEBA9E000A3D48 /* Preview Assets.xcassets in Resources */ = {isa = PBXBuildFile; fileRef = 485A66B126FEBA9E000A3D48 /* Preview Assets.xcassets */; };
		485A66B426FEBA9E000A3D48 /* Persistence.swift in Sources */ = {isa = PBXBuildFile; fileRef = 485A66B326FEBA9E000A3D48 /* Persistence.swift */; };
		485A66B726FEBA9E000A3D48 /* Scrummaseter.xcdatamodeld in Sources */ = {isa = PBXBuildFile; fileRef = 485A66B526FEBA9E000A3D48 /* Scrummaseter.xcdatamodeld */; };
		489D2E26270400AC00F3CFB5 /* DailyScrum.swift in Sources */ = {isa = PBXBuildFile; fileRef = 489D2E25270400AC00F3CFB5 /* DailyScrum.swift */; };
		489D2E292704017B00F3CFB5 /* CardView.swift in Sources */ = {isa = PBXBuildFile; fileRef = 489D2E282704017B00F3CFB5 /* CardView.swift */; };
		489D2E2C2704068500F3CFB5 /* ScrumsView.swift in Sources */ = {isa = PBXBuildFile; fileRef = 489D2E2B2704068500F3CFB5 /* ScrumsView.swift */; };
/* End PBXBuildFile section */

/* Begin PBXFileReference section */
		485A66A726FEBA97000A3D48 /* Scrummaseter.app */ = {isa = PBXFileReference; explicitFileType = wrapper.application; includeInIndex = 0; path = Scrummaseter.app; sourceTree = BUILT_PRODUCTS_DIR; };
		485A66AA26FEBA97000A3D48 /* ScrummaseterApp.swift */ = {isa = PBXFileReference; lastKnownFileType = sourcecode.swift; path = ScrummaseterApp.swift; sourceTree = "<group>"; };
		485A66AC26FEBA97000A3D48 /* MeetingView.swift */ = {isa = PBXFileReference; lastKnownFileType = sourcecode.swift; path = MeetingView.swift; sourceTree = "<group>"; };
		485A66AE26FEBA9E000A3D48 /* Assets.xcassets */ = {isa = PBXFileReference; lastKnownFileType = folder.assetcatalog; path = Assets.xcassets; sourceTree = "<group>"; };
		485A66B126FEBA9E000A3D48 /* Preview Assets.xcassets */ = {isa = PBXFileReference; lastKnownFileType = folder.assetcatalog; path = "Preview Assets.xcassets"; sourceTree = "<group>"; };
		485A66B326FEBA9E000A3D48 /* Persistence.swift */ = {isa = PBXFileReference; lastKnownFileType = sourcecode.swift; path = Persistence.swift; sourceTree = "<group>"; };
		485A66B626FEBA9E000A3D48 /* Scrummaseter.xcdatamodel */ = {isa = PBXFileReference; lastKnownFileType = wrapper.xcdatamodel; path = Scrummaseter.xcdatamodel; sourceTree = "<group>"; };
		485A66B826FEBA9E000A3D48 /* Info.plist */ = {isa = PBXFileReference; lastKnownFileType = text.plist.xml; path = Info.plist; sourceTree = "<group>"; };
		489D2E25270400AC00F3CFB5 /* DailyScrum.swift */ = {isa = PBXFileReference; lastKnownFileType = sourcecode.swift; path = DailyScrum.swift; sourceTree = "<group>"; };
		489D2E282704017B00F3CFB5 /* CardView.swift */ = {isa = PBXFileReference; lastKnownFileType = sourcecode.swift; path = CardView.swift; sourceTree = "<group>"; };
		489D2E2B2704068500F3CFB5 /* ScrumsView.swift */ = {isa = PBXFileReference; lastKnownFileType = sourcecode.swift; path = ScrumsView.swift; sourceTree = "<group>"; };
/* End PBXFileReference section */

/* Begin PBXFrameworksBuildPhase section */
		485A66A426FEBA97000A3D48 /* Frameworks */ = {
			isa = PBXFrameworksBuildPhase;
			buildActionMask = 2147483647;
			files = (
			);
			runOnlyForDeploymentPostprocessing = 0;
		};
/* End PBXFrameworksBuildPhase section */

/* Begin PBXGroup section */
		4844B26827047E2F00EE0AEA /* Views */ = {
			isa = PBXGroup;
			children = (
				489D2E282704017B00F3CFB5 /* CardView.swift */,
				489D2E2B2704068500F3CFB5 /* ScrumsView.swift */,
				485A66AC26FEBA97000A3D48 /* MeetingView.swift */,
			);
			path = Views;
			sourceTree = "<group>";
		};
		4844B26927047E4700EE0AEA /* Model */ = {
			isa = PBXGroup;
			children = (
				489D2E25270400AC00F3CFB5 /* DailyScrum.swift */,
			);
			path = Model;
			sourceTree = "<group>";
		};
		485A669E26FEBA97000A3D48 = {
			isa = PBXGroup;
			children = (
				485A66A926FEBA97000A3D48 /* Scrummaseter */,
				485A66A826FEBA97000A3D48 /* Products */,
			);
			sourceTree = "<group>";
		};
		485A66A826FEBA97000A3D48 /* Products */ = {
			isa = PBXGroup;
			children = (
				485A66A726FEBA97000A3D48 /* Scrummaseter.app */,
			);
			name = Products;
			sourceTree = "<group>";
		};
		485A66A926FEBA97000A3D48 /* Scrummaseter */ = {
			isa = PBXGroup;
			children = (
				4844B26927047E4700EE0AEA /* Model */,
				4844B26827047E2F00EE0AEA /* Views */,
				485A66AA26FEBA97000A3D48 /* ScrummaseterApp.swift */,
				485A66AE26FEBA9E000A3D48 /* Assets.xcassets */,
				485A66B326FEBA9E000A3D48 /* Persistence.swift */,
				485A66B826FEBA9E000A3D48 /* Info.plist */,
				485A66B526FEBA9E000A3D48 /* Scrummaseter.xcdatamodeld */,
				485A66B026FEBA9E000A3D48 /* Preview Content */,
			);
			path = Scrummaseter;
			sourceTree = "<group>";
		};
		485A66B026FEBA9E000A3D48 /* Preview Content */ = {
			isa = PBXGroup;
			children = (
				485A66B126FEBA9E000A3D48 /* Preview Assets.xcassets */,
			);
			path = "Preview Content";
			sourceTree = "<group>";
		};
/* End PBXGroup section */

/* Begin PBXNativeTarget section */
		485A66A626FEBA97000A3D48 /* Scrummaseter */ = {
			isa = PBXNativeTarget;
			buildConfigurationList = 485A66BB26FEBA9E000A3D48 /* Build configuration list for PBXNativeTarget "Scrummaseter" */;
			buildPhases = (
				485A66A326FEBA97000A3D48 /* Sources */,
				485A66A426FEBA97000A3D48 /* Frameworks */,
				485A66A526FEBA97000A3D48 /* Resources */,
			);
			buildRules = (
			);
			dependencies = (
			);
			name = Scrummaseter;
			productName = Scrummaseter;
			productReference = 485A66A726FEBA97000A3D48 /* Scrummaseter.app */;
			productType = "com.apple.product-type.application";
		};
/* End PBXNativeTarget section */

/* Begin PBXProject section */
		485A669F26FEBA97000A3D48 /* Project object */ = {
			isa = PBXProject;
			attributes = {
				LastSwiftUpdateCheck = 1240;
				LastUpgradeCheck = 1240;
				TargetAttributes = {
					485A66A626FEBA97000A3D48 = {
						CreatedOnToolsVersion = 12.4;
					};
				};
			};
			buildConfigurationList = 485A66A226FEBA97000A3D48 /* Build configuration list for PBXProject "Scrummaseter" */;
			compatibilityVersion = "Xcode 9.3";
			developmentRegion = en;
			hasScannedForEncodings = 0;
			knownRegions = (
				en,
				Base,
			);
			mainGroup = 485A669E26FEBA97000A3D48;
			productRefGroup = 485A66A826FEBA97000A3D48 /* Products */;
			projectDirPath = "";
			projectRoot = "";
			targets = (
				485A66A626FEBA97000A3D48 /* Scrummaseter */,
			);
		};
/* End PBXProject section */

/* Begin PBXResourcesBuildPhase section */
		485A66A526FEBA97000A3D48 /* Resources */ = {
			isa = PBXResourcesBuildPhase;
			buildActionMask = 2147483647;
			files = (
				485A66B226FEBA9E000A3D48 /* Preview Assets.xcassets in Resources */,
				485A66AF26FEBA9E000A3D48 /* Assets.xcassets in Resources */,
			);
			runOnlyForDeploymentPostprocessing = 0;
		};
/* End PBXResourcesBuildPhase section */

/* Begin PBXSourcesBuildPhase section */
		485A66A326FEBA97000A3D48 /* Sources */ = {
			isa = PBXSourcesBuildPhase;
			buildActionMask = 2147483647;
			files = (
				489D2E26270400AC00F3CFB5 /* DailyScrum.swift in Sources */,
				485A66B726FEBA9E000A3D48 /* Scrummaseter.xcdatamodeld in Sources */,
				485A66B426FEBA9E000A3D48 /* Persistence.swift in Sources */,
				489D2E2C2704068500F3CFB5 /* ScrumsView.swift in Sources */,
				485A66AD26FEBA97000A3D48 /* MeetingView.swift in Sources */,
				489D2E292704017B00F3CFB5 /* CardView.swift in Sources */,
				485A66AB26FEBA97000A3D48 /* ScrummaseterApp.swift in Sources */,
			);
			runOnlyForDeploymentPostprocessing = 0;
		};
/* End PBXSourcesBuildPhase section */

/* Begin XCBuildConfiguration section */
		485A66B926FEBA9E000A3D48 /* Debug */ = {
			isa = XCBuildConfiguration;
			buildSettings = {
				ALWAYS_SEARCH_USER_PATHS = NO;
				CLANG_ANALYZER_NONNULL = YES;
				CLANG_ANALYZER_NUMBER_OBJECT_CONVERSION = YES_AGGRESSIVE;
				CLANG_CXX_LANGUAGE_STANDARD = "gnu++14";
				CLANG_CXX_LIBRARY = "libc++";
				CLANG_ENABLE_MODULES = YES;
				CLANG_ENABLE_OBJC_ARC = YES;
				CLANG_ENABLE_OBJC_WEAK = YES;
				CLANG_WARN_BLOCK_CAPTURE_AUTORELEASING = YES;
				CLANG_WARN_BOOL_CONVERSION = YES;
				CLANG_WARN_COMMA = YES;
				CLANG_WARN_CONSTANT_CONVERSION = YES;
				CLANG_WARN_DEPRECATED_OBJC_IMPLEMENTATIONS = YES;
				CLANG_WARN_DIRECT_OBJC_ISA_USAGE = YES_ERROR;
				CLANG_WARN_DOCUMENTATION_COMMENTS = YES;
				CLANG_WARN_EMPTY_BODY = YES;
				CLANG_WARN_ENUM_CONVERSION = YES;
				CLANG_WARN_INFINITE_RECURSION = YES;
				CLANG_WARN_INT_CONVERSION = YES;
				CLANG_WARN_NON_LITERAL_NULL_CONVERSION = YES;
				CLANG_WARN_OBJC_IMPLICIT_RETAIN_SELF = YES;
				CLANG_WARN_OBJC_LITERAL_CONVERSION = YES;
				CLANG_WARN_OBJC_ROOT_CLASS = YES_ERROR;
				CLANG_WARN_QUOTED_INCLUDE_IN_FRAMEWORK_HEADER = YES;
				CLANG_WARN_RANGE_LOOP_ANALYSIS = YES;
				CLANG_WARN_STRICT_PROTOTYPES = YES;
				CLANG_WARN_SUSPICIOUS_MOVE = YES;
				CLANG_WARN_UNGUARDED_AVAILABILITY = YES_AGGRESSIVE;
				CLANG_WARN_UNREACHABLE_CODE = YES;
				CLANG_WARN__DUPLICATE_METHOD_MATCH = YES;
				COPY_PHASE_STRIP = NO;
				DEBUG_INFORMATION_FORMAT = dwarf;
				ENABLE_STRICT_OBJC_MSGSEND = YES;
				ENABLE_TESTABILITY = YES;
				GCC_C_LANGUAGE_STANDARD = gnu11;
				GCC_DYNAMIC_NO_PIC = NO;
				GCC_NO_COMMON_BLOCKS = YES;
				GCC_OPTIMIZATION_LEVEL = 0;
				GCC_PREPROCESSOR_DEFINITIONS = (
					"DEBUG=1",
					"$(inherited)",
				);
				GCC_WARN_64_TO_32_BIT_CONVERSION = YES;
				GCC_WARN_ABOUT_RETURN_TYPE = YES_ERROR;
				GCC_WARN_UNDECLARED_SELECTOR = YES;
				GCC_WARN_UNINITIALIZED_AUTOS = YES_AGGRESSIVE;
				GCC_WARN_UNUSED_FUNCTION = YES;
				GCC_WARN_UNUSED_VARIABLE = YES;
				IPHONEOS_DEPLOYMENT_TARGET = 14.4;
				MTL_ENABLE_DEBUG_INFO = INCLUDE_SOURCE;
				MTL_FAST_MATH = YES;
				ONLY_ACTIVE_ARCH = YES;
				SDKROOT = iphoneos;
				SWIFT_ACTIVE_COMPILATION_CONDITIONS = DEBUG;
				SWIFT_OPTIMIZATION_LEVEL = "-Onone";
			};
			name = Debug;
		};
		485A66BA26FEBA9E000A3D48 /* Release */ = {
			isa = XCBuildConfiguration;
			buildSettings = {
				ALWAYS_SEARCH_USER_PATHS = NO;
				CLANG_ANALYZER_NONNULL = YES;
				CLANG_ANALYZER_NUMBER_OBJECT_CONVERSION = YES_AGGRESSIVE;
				CLANG_CXX_LANGUAGE_STANDARD = "gnu++14";
				CLANG_CXX_LIBRARY = "libc++";
				CLANG_ENABLE_MODULES = YES;
				CLANG_ENABLE_OBJC_ARC = YES;
				CLANG_ENABLE_OBJC_WEAK = YES;
				CLANG_WARN_BLOCK_CAPTURE_AUTORELEASING = YES;
				CLANG_WARN_BOOL_CONVERSION = YES;
				CLANG_WARN_COMMA = YES;
				CLANG_WARN_CONSTANT_CONVERSION = YES;
				CLANG_WARN_DEPRECATED_OBJC_IMPLEMENTATIONS = YES;
				CLANG_WARN_DIRECT_OBJC_ISA_USAGE = YES_ERROR;
				CLANG_WARN_DOCUMENTATION_COMMENTS = YES;
				CLANG_WARN_EMPTY_BODY = YES;
				CLANG_WARN_ENUM_CONVERSION = YES;
				CLANG_WARN_INFINITE_RECURSION = YES;
				CLANG_WARN_INT_CONVERSION = YES;
				CLANG_WARN_NON_LITERAL_NULL_CONVERSION = YES;
				CLANG_WARN_OBJC_IMPLICIT_RETAIN_SELF = YES;
				CLANG_WARN_OBJC_LITERAL_CONVERSION = YES;
				CLANG_WARN_OBJC_ROOT_CLASS = YES_ERROR;
				CLANG_WARN_QUOTED_INCLUDE_IN_FRAMEWORK_HEADER = YES;
				CLANG_WARN_RANGE_LOOP_ANALYSIS = YES;
				CLANG_WARN_STRICT_PROTOTYPES = YES;
				CLANG_WARN_SUSPICIOUS_MOVE = YES;
				CLANG_WARN_UNGUARDED_AVAILABILITY = YES_AGGRESSIVE;
				CLANG_WARN_UNREACHABLE_CODE = YES;
				CLANG_WARN__DUPLICATE_METHOD_MATCH = YES;
				COPY_PHASE_STRIP = NO;
				DEBUG_INFORMATION_FORMAT = "dwarf-with-dsym";
				ENABLE_NS_ASSERTIONS = NO;
				ENABLE_STRICT_OBJC_MSGSEND = YES;
				GCC_C_LANGUAGE_STANDARD = gnu11;
				GCC_NO_COMMON_BLOCKS = YES;
				GCC_WARN_64_TO_32_BIT_CONVERSION = YES;
				GCC_WARN_ABOUT_RETURN_TYPE = YES_ERROR;
				GCC_WARN_UNDECLARED_SELECTOR = YES;
				GCC_WARN_UNINITIALIZED_AUTOS = YES_AGGRESSIVE;
				GCC_WARN_UNUSED_FUNCTION = YES;
				GCC_WARN_UNUSED_VARIABLE = YES;
				IPHONEOS_DEPLOYMENT_TARGET = 14.4;
				MTL_ENABLE_DEBUG_INFO = NO;
				MTL_FAST_MATH = YES;
				SDKROOT = iphoneos;
				SWIFT_COMPILATION_MODE = wholemodule;
				SWIFT_OPTIMIZATION_LEVEL = "-O";
				VALIDATE_PRODUCT = YES;
			};
			name = Release;
		};
		485A66BC26FEBA9E000A3D48 /* Debug */ = {
			isa = XCBuildConfiguration;
			buildSettings = {
				ASSETCATALOG_COMPILER_APPICON_NAME = AppIcon;
				ASSETCATALOG_COMPILER_GLOBAL_ACCENT_COLOR_NAME = AccentColor;
				CODE_SIGN_STYLE = Automatic;
				DEVELOPMENT_ASSET_PATHS = "\"Scrummaseter/Preview Content\"";
				ENABLE_PREVIEWS = YES;
				INFOPLIST_FILE = Scrummaseter/Info.plist;
				IPHONEOS_DEPLOYMENT_TARGET = 14.0;
				LD_RUNPATH_SEARCH_PATHS = (
					"$(inherited)",
					"@executable_path/Frameworks",
				);
				PRODUCT_BUNDLE_IDENTIFIER = com.Scrummaseter;
				PRODUCT_NAME = "$(TARGET_NAME)";
				SWIFT_VERSION = 5.0;
				TARGETED_DEVICE_FAMILY = "1,2";
			};
			name = Debug;
		};
		485A66BD26FEBA9E000A3D48 /* Release */ = {
			isa = XCBuildConfiguration;
			buildSettings = {
				ASSETCATALOG_COMPILER_APPICON_NAME = AppIcon;
				ASSETCATALOG_COMPILER_GLOBAL_ACCENT_COLOR_NAME = AccentColor;
				CODE_SIGN_STYLE = Automatic;
				DEVELOPMENT_ASSET_PATHS = "\"Scrummaseter/Preview Content\"";
				ENABLE_PREVIEWS = YES;
				INFOPLIST_FILE = Scrummaseter/Info.plist;
				IPHONEOS_DEPLOYMENT_TARGET = 14.0;
				LD_RUNPATH_SEARCH_PATHS = (
					"$(inherited)",
					"@executable_path/Frameworks",
				);
				PRODUCT_BUNDLE_IDENTIFIER = com.Scrummaseter;
				PRODUCT_NAME = "$(TARGET_NAME)";
				SWIFT_VERSION = 5.0;
				TARGETED_DEVICE_FAMILY = "1,2";
			};
			name = Release;
		};
/* End XCBuildConfiguration section */

/* Begin XCConfigurationList section */
		485A66A226FEBA97000A3D48 /* Build configuration list for PBXProject "Scrummaseter" */ = {
			isa = XCConfigurationList;
			buildConfigurations = (
				485A66B926FEBA9E000A3D48 /* Debug */,
				485A66BA26FEBA9E000A3D48 /* Release */,
			);
			defaultConfigurationIsVisible = 0;
			defaultConfigurationName = Release;
		};
		485A66BB26FEBA9E000A3D48 /* Build configuration list for PBXNativeTarget "Scrummaseter" */ = {
			isa = XCConfigurationList;
			buildConfigurations = (
				485A66BC26FEBA9E000A3D48 /* Debug */,
				485A66BD26FEBA9E000A3D48 /* Release */,
			);
			defaultConfigurationIsVisible = 0;
			defaultConfigurationName = Release;
		};
/* End XCConfigurationList section */

/* Begin XCVersionGroup section */
		485A66B526FEBA9E000A3D48 /* Scrummaseter.xcdatamodeld */ = {
			isa = XCVersionGroup;
			children = (
				485A66B626FEBA9E000A3D48 /* Scrummaseter.xcdatamodel */,
			);
			currentVersion = 485A66B626FEBA9E000A3D48 /* Scrummaseter.xcdatamodel */;
			path = Scrummaseter.xcdatamodeld;
			sourceTree = "<group>";
			versionGroupType = wrapper.xcdatamodel;
		};
/* End XCVersionGroup section */
	};
	rootObject = 485A669F26FEBA97000A3D48 /* Project object */;
}
